// !$*UTF8*$!
{
	archiveVersion = 1;
	classes = {
	};
	objectVersion = 55;
	objects = {

/* Begin PBXBuildFile section */
		ACECB925293E78F00092461C /* AppDelegate.swift in Sources */ = {isa = PBXBuildFile; fileRef = ACECB924293E78F00092461C /* AppDelegate.swift */; };
		ACECB927293E78F00092461C /* SceneDelegate.swift in Sources */ = {isa = PBXBuildFile; fileRef = ACECB926293E78F00092461C /* SceneDelegate.swift */; };
		ACECB929293E78F00092461C /* ViewController.swift in Sources */ = {isa = PBXBuildFile; fileRef = ACECB928293E78F00092461C /* ViewController.swift */; };
		ACECB92C293E78F00092461C /* Main.storyboard in Resources */ = {isa = PBXBuildFile; fileRef = ACECB92A293E78F00092461C /* Main.storyboard */; };
		ACECB92E293E78F30092461C /* Assets.xcassets in Resources */ = {isa = PBXBuildFile; fileRef = ACECB92D293E78F30092461C /* Assets.xcassets */; };
		ACECB931293E78F30092461C /* LaunchScreen.storyboard in Resources */ = {isa = PBXBuildFile; fileRef = ACECB92F293E78F30092461C /* LaunchScreen.storyboard */; };
		ACECB93C293E7C970092461C /* BimService.swift in Sources */ = {isa = PBXBuildFile; fileRef = ACECB93B293E7C970092461C /* BimService.swift */; };
		ACECB93E293E7CC00092461C /* AktuelItem.swift in Sources */ = {isa = PBXBuildFile; fileRef = ACECB93D293E7CC00092461C /* AktuelItem.swift */; };
		ACECB941293E84170092461C /* GetIndexResponse.swift in Sources */ = {isa = PBXBuildFile; fileRef = ACECB940293E84170092461C /* GetIndexResponse.swift */; };
		B7793465215D9C39D0F2539A /* Pods_BimAktuelDeneme.framework in Frameworks */ = {isa = PBXBuildFile; fileRef = 9670ADB744CCBC99D9015235 /* Pods_BimAktuelDeneme.framework */; };
/* End PBXBuildFile section */

/* Begin PBXFileReference section */
		414A37E9A6FB49580C7887BD /* Pods-BimAktuelDeneme.release.xcconfig */ = {isa = PBXFileReference; includeInIndex = 1; lastKnownFileType = text.xcconfig; name = "Pods-BimAktuelDeneme.release.xcconfig"; path = "Target Support Files/Pods-BimAktuelDeneme/Pods-BimAktuelDeneme.release.xcconfig"; sourceTree = "<group>"; };
		9670ADB744CCBC99D9015235 /* Pods_BimAktuelDeneme.framework */ = {isa = PBXFileReference; explicitFileType = wrapper.framework; includeInIndex = 0; path = Pods_BimAktuelDeneme.framework; sourceTree = BUILT_PRODUCTS_DIR; };
		ACECB921293E78F00092461C /* BimAktuelDeneme.app */ = {isa = PBXFileReference; explicitFileType = wrapper.application; includeInIndex = 0; path = BimAktuelDeneme.app; sourceTree = BUILT_PRODUCTS_DIR; };
		ACECB924293E78F00092461C /* AppDelegate.swift */ = {isa = PBXFileReference; lastKnownFileType = sourcecode.swift; path = AppDelegate.swift; sourceTree = "<group>"; };
		ACECB926293E78F00092461C /* SceneDelegate.swift */ = {isa = PBXFileReference; lastKnownFileType = sourcecode.swift; path = SceneDelegate.swift; sourceTree = "<group>"; };
		ACECB928293E78F00092461C /* ViewController.swift */ = {isa = PBXFileReference; lastKnownFileType = sourcecode.swift; path = ViewController.swift; sourceTree = "<group>"; };
		ACECB92B293E78F00092461C /* Base */ = {isa = PBXFileReference; lastKnownFileType = file.storyboard; name = Base; path = Base.lproj/Main.storyboard; sourceTree = "<group>"; };
		ACECB92D293E78F30092461C /* Assets.xcassets */ = {isa = PBXFileReference; lastKnownFileType = folder.assetcatalog; path = Assets.xcassets; sourceTree = "<group>"; };
		ACECB930293E78F30092461C /* Base */ = {isa = PBXFileReference; lastKnownFileType = file.storyboard; name = Base; path = Base.lproj/LaunchScreen.storyboard; sourceTree = "<group>"; };
		ACECB932293E78F30092461C /* Info.plist */ = {isa = PBXFileReference; lastKnownFileType = text.plist.xml; path = Info.plist; sourceTree = "<group>"; };
		ACECB93B293E7C970092461C /* BimService.swift */ = {isa = PBXFileReference; lastKnownFileType = sourcecode.swift; path = BimService.swift; sourceTree = "<group>"; };
		ACECB93D293E7CC00092461C /* AktuelItem.swift */ = {isa = PBXFileReference; lastKnownFileType = sourcecode.swift; path = AktuelItem.swift; sourceTree = "<group>"; };
		ACECB940293E84170092461C /* GetIndexResponse.swift */ = {isa = PBXFileReference; lastKnownFileType = sourcecode.swift; path = GetIndexResponse.swift; sourceTree = "<group>"; };
		EC4916588531D6BF7D2290EC /* Pods-BimAktuelDeneme.debug.xcconfig */ = {isa = PBXFileReference; includeInIndex = 1; lastKnownFileType = text.xcconfig; name = "Pods-BimAktuelDeneme.debug.xcconfig"; path = "Target Support Files/Pods-BimAktuelDeneme/Pods-BimAktuelDeneme.debug.xcconfig"; sourceTree = "<group>"; };
/* End PBXFileReference section */

/* Begin PBXFrameworksBuildPhase section */
		ACECB91E293E78F00092461C /* Frameworks */ = {
			isa = PBXFrameworksBuildPhase;
			buildActionMask = 2147483647;
			files = (
				B7793465215D9C39D0F2539A /* Pods_BimAktuelDeneme.framework in Frameworks */,
			);
			runOnlyForDeploymentPostprocessing = 0;
		};
/* End PBXFrameworksBuildPhase section */

/* Begin PBXGroup section */
		3909B78D8480FE653168DFB7 /* Frameworks */ = {
			isa = PBXGroup;
			children = (
				9670ADB744CCBC99D9015235 /* Pods_BimAktuelDeneme.framework */,
			);
			name = Frameworks;
			sourceTree = "<group>";
		};
		61A9E2EFEF416336E2244354 /* Pods */ = {
			isa = PBXGroup;
			children = (
				EC4916588531D6BF7D2290EC /* Pods-BimAktuelDeneme.debug.xcconfig */,
				414A37E9A6FB49580C7887BD /* Pods-BimAktuelDeneme.release.xcconfig */,
			);
			path = Pods;
			sourceTree = "<group>";
		};
		ACECB918293E78F00092461C = {
			isa = PBXGroup;
			children = (
				ACECB923293E78F00092461C /* BimAktuelDeneme */,
				ACECB922293E78F00092461C /* Products */,
				61A9E2EFEF416336E2244354 /* Pods */,
				3909B78D8480FE653168DFB7 /* Frameworks */,
			);
			sourceTree = "<group>";
		};
		ACECB922293E78F00092461C /* Products */ = {
			isa = PBXGroup;
			children = (
				ACECB921293E78F00092461C /* BimAktuelDeneme.app */,
			);
			name = Products;
			sourceTree = "<group>";
		};
		ACECB923293E78F00092461C /* BimAktuelDeneme */ = {
			isa = PBXGroup;
			children = (
				ACECB939293E7C5F0092461C /* Models */,
				ACECB938293E7C510092461C /* Services */,
				ACECB924293E78F00092461C /* AppDelegate.swift */,
				ACECB926293E78F00092461C /* SceneDelegate.swift */,
				ACECB928293E78F00092461C /* ViewController.swift */,
				ACECB92A293E78F00092461C /* Main.storyboard */,
				ACECB92D293E78F30092461C /* Assets.xcassets */,
				ACECB92F293E78F30092461C /* LaunchScreen.storyboard */,
				ACECB932293E78F30092461C /* Info.plist */,
			);
			path = BimAktuelDeneme;
			sourceTree = "<group>";
		};
		ACECB938293E7C510092461C /* Services */ = {
			isa = PBXGroup;
			children = (
				ACECB93B293E7C970092461C /* BimService.swift */,
			);
			path = Services;
			sourceTree = "<group>";
		};
		ACECB939293E7C5F0092461C /* Models */ = {
			isa = PBXGroup;
			children = (
				ACECB93A293E7C660092461C /* ApiResponses */,
				ACECB93D293E7CC00092461C /* AktuelItem.swift */,
			);
			path = Models;
			sourceTree = "<group>";
		};
		ACECB93A293E7C660092461C /* ApiResponses */ = {
			isa = PBXGroup;
			children = (
				ACECB93F293E84040092461C /* BimService */,
			);
			path = ApiResponses;
			sourceTree = "<group>";
		};
		ACECB93F293E84040092461C /* BimService */ = {
			isa = PBXGroup;
			children = (
				ACECB940293E84170092461C /* GetIndexResponse.swift */,
			);
			path = BimService;
			sourceTree = "<group>";
		};
/* End PBXGroup section */

/* Begin PBXNativeTarget section */
		ACECB920293E78F00092461C /* BimAktuelDeneme */ = {
			isa = PBXNativeTarget;
			buildConfigurationList = ACECB935293E78F30092461C /* Build configuration list for PBXNativeTarget "BimAktuelDeneme" */;
			buildPhases = (
				66CF5B74ABCE976FE9941194 /* [CP] Check Pods Manifest.lock */,
				ACECB91D293E78F00092461C /* Sources */,
				ACECB91E293E78F00092461C /* Frameworks */,
				ACECB91F293E78F00092461C /* Resources */,
				D753562B9264B49C0FA05430 /* [CP] Embed Pods Frameworks */,
			);
			buildRules = (
			);
			dependencies = (
			);
			name = BimAktuelDeneme;
			productName = BimAktuelDeneme;
			productReference = ACECB921293E78F00092461C /* BimAktuelDeneme.app */;
			productType = "com.apple.product-type.application";
		};
/* End PBXNativeTarget section */

/* Begin PBXProject section */
		ACECB919293E78F00092461C /* Project object */ = {
			isa = PBXProject;
			attributes = {
				BuildIndependentTargetsInParallel = 1;
				LastSwiftUpdateCheck = 1400;
				LastUpgradeCheck = 1400;
				TargetAttributes = {
					ACECB920293E78F00092461C = {
						CreatedOnToolsVersion = 14.0;
					};
				};
			};
			buildConfigurationList = ACECB91C293E78F00092461C /* Build configuration list for PBXProject "BimAktuelDeneme" */;
			compatibilityVersion = "Xcode 13.0";
			developmentRegion = en;
			hasScannedForEncodings = 0;
			knownRegions = (
				en,
				Base,
			);
			mainGroup = ACECB918293E78F00092461C;
			productRefGroup = ACECB922293E78F00092461C /* Products */;
			projectDirPath = "";
			projectRoot = "";
			targets = (
				ACECB920293E78F00092461C /* BimAktuelDeneme */,
			);
		};
/* End PBXProject section */

/* Begin PBXResourcesBuildPhase section */
		ACECB91F293E78F00092461C /* Resources */ = {
			isa = PBXResourcesBuildPhase;
			buildActionMask = 2147483647;
			files = (
				ACECB931293E78F30092461C /* LaunchScreen.storyboard in Resources */,
				ACECB92E293E78F30092461C /* Assets.xcassets in Resources */,
				ACECB92C293E78F00092461C /* Main.storyboard in Resources */,
			);
			runOnlyForDeploymentPostprocessing = 0;
		};
/* End PBXResourcesBuildPhase section */

/* Begin PBXShellScriptBuildPhase section */
		66CF5B74ABCE976FE9941194 /* [CP] Check Pods Manifest.lock */ = {
			isa = PBXShellScriptBuildPhase;
			buildActionMask = 2147483647;
			files = (
			);
			inputFileListPaths = (
			);
			inputPaths = (
				"${PODS_PODFILE_DIR_PATH}/Podfile.lock",
				"${PODS_ROOT}/Manifest.lock",
			);
			name = "[CP] Check Pods Manifest.lock";
			outputFileListPaths = (
			);
			outputPaths = (
				"$(DERIVED_FILE_DIR)/Pods-BimAktuelDeneme-checkManifestLockResult.txt",
			);
			runOnlyForDeploymentPostprocessing = 0;
			shellPath = /bin/sh;
			shellScript = "diff \"${PODS_PODFILE_DIR_PATH}/Podfile.lock\" \"${PODS_ROOT}/Manifest.lock\" > /dev/null\nif [ $? != 0 ] ; then\n    # print error to STDERR\n    echo \"error: The sandbox is not in sync with the Podfile.lock. Run 'pod install' or update your CocoaPods installation.\" >&2\n    exit 1\nfi\n# This output is used by Xcode 'outputs' to avoid re-running this script phase.\necho \"SUCCESS\" > \"${SCRIPT_OUTPUT_FILE_0}\"\n";
			showEnvVarsInLog = 0;
		};
		D753562B9264B49C0FA05430 /* [CP] Embed Pods Frameworks */ = {
			isa = PBXShellScriptBuildPhase;
			buildActionMask = 2147483647;
			files = (
			);
			inputFileListPaths = (
				"${PODS_ROOT}/Target Support Files/Pods-BimAktuelDeneme/Pods-BimAktuelDeneme-frameworks-${CONFIGURATION}-input-files.xcfilelist",
			);
			name = "[CP] Embed Pods Frameworks";
			outputFileListPaths = (
				"${PODS_ROOT}/Target Support Files/Pods-BimAktuelDeneme/Pods-BimAktuelDeneme-frameworks-${CONFIGURATION}-output-files.xcfilelist",
			);
			runOnlyForDeploymentPostprocessing = 0;
			shellPath = /bin/sh;
			shellScript = "\"${PODS_ROOT}/Target Support Files/Pods-BimAktuelDeneme/Pods-BimAktuelDeneme-frameworks.sh\"\n";
			showEnvVarsInLog = 0;
		};
/* End PBXShellScriptBuildPhase section */

/* Begin PBXSourcesBuildPhase section */
		ACECB91D293E78F00092461C /* Sources */ = {
			isa = PBXSourcesBuildPhase;
			buildActionMask = 2147483647;
			files = (
				ACECB941293E84170092461C /* GetIndexResponse.swift in Sources */,
				ACECB93C293E7C970092461C /* BimService.swift in Sources */,
				ACECB929293E78F00092461C /* ViewController.swift in Sources */,
				ACECB925293E78F00092461C /* AppDelegate.swift in Sources */,
				ACECB93E293E7CC00092461C /* AktuelItem.swift in Sources */,
				ACECB927293E78F00092461C /* SceneDelegate.swift in Sources */,
			);
			runOnlyForDeploymentPostprocessing = 0;
		};
/* End PBXSourcesBuildPhase section */

/* Begin PBXVariantGroup section */
		ACECB92A293E78F00092461C /* Main.storyboard */ = {
			isa = PBXVariantGroup;
			children = (
				ACECB92B293E78F00092461C /* Base */,
			);
			name = Main.storyboard;
			sourceTree = "<group>";
		};
		ACECB92F293E78F30092461C /* LaunchScreen.storyboard */ = {
			isa = PBXVariantGroup;
			children = (
				ACECB930293E78F30092461C /* Base */,
			);
			name = LaunchScreen.storyboard;
			sourceTree = "<group>";
		};
/* End PBXVariantGroup section */

/* Begin XCBuildConfiguration section */
		ACECB933293E78F30092461C /* Debug */ = {
			isa = XCBuildConfiguration;
			buildSettings = {
				ALWAYS_SEARCH_USER_PATHS = NO;
				CLANG_ANALYZER_NONNULL = YES;
				CLANG_ANALYZER_NUMBER_OBJECT_CONVERSION = YES_AGGRESSIVE;
				CLANG_CXX_LANGUAGE_STANDARD = "gnu++20";
				CLANG_ENABLE_MODULES = YES;
				CLANG_ENABLE_OBJC_ARC = YES;
				CLANG_ENABLE_OBJC_WEAK = YES;
				CLANG_WARN_BLOCK_CAPTURE_AUTORELEASING = YES;
				CLANG_WARN_BOOL_CONVERSION = YES;
				CLANG_WARN_COMMA = YES;
				CLANG_WARN_CONSTANT_CONVERSION = YES;
				CLANG_WARN_DEPRECATED_OBJC_IMPLEMENTATIONS = YES;
				CLANG_WARN_DIRECT_OBJC_ISA_USAGE = YES_ERROR;
				CLANG_WARN_DOCUMENTATION_COMMENTS = YES;
				CLANG_WARN_EMPTY_BODY = YES;
				CLANG_WARN_ENUM_CONVERSION = YES;
				CLANG_WARN_INFINITE_RECURSION = YES;
				CLANG_WARN_INT_CONVERSION = YES;
				CLANG_WARN_NON_LITERAL_NULL_CONVERSION = YES;
				CLANG_WARN_OBJC_IMPLICIT_RETAIN_SELF = YES;
				CLANG_WARN_OBJC_LITERAL_CONVERSION = YES;
				CLANG_WARN_OBJC_ROOT_CLASS = YES_ERROR;
				CLANG_WARN_QUOTED_INCLUDE_IN_FRAMEWORK_HEADER = YES;
				CLANG_WARN_RANGE_LOOP_ANALYSIS = YES;
				CLANG_WARN_STRICT_PROTOTYPES = YES;
				CLANG_WARN_SUSPICIOUS_MOVE = YES;
				CLANG_WARN_UNGUARDED_AVAILABILITY = YES_AGGRESSIVE;
				CLANG_WARN_UNREACHABLE_CODE = YES;
				CLANG_WARN__DUPLICATE_METHOD_MATCH = YES;
				COPY_PHASE_STRIP = NO;
				DEBUG_INFORMATION_FORMAT = dwarf;
				ENABLE_STRICT_OBJC_MSGSEND = YES;
				ENABLE_TESTABILITY = YES;
				GCC_C_LANGUAGE_STANDARD = gnu11;
				GCC_DYNAMIC_NO_PIC = NO;
				GCC_NO_COMMON_BLOCKS = YES;
				GCC_OPTIMIZATION_LEVEL = 0;
				GCC_PREPROCESSOR_DEFINITIONS = (
					"DEBUG=1",
					"$(inherited)",
				);
				GCC_WARN_64_TO_32_BIT_CONVERSION = YES;
				GCC_WARN_ABOUT_RETURN_TYPE = YES_ERROR;
				GCC_WARN_UNDECLARED_SELECTOR = YES;
				GCC_WARN_UNINITIALIZED_AUTOS = YES_AGGRESSIVE;
				GCC_WARN_UNUSED_FUNCTION = YES;
				GCC_WARN_UNUSED_VARIABLE = YES;
				IPHONEOS_DEPLOYMENT_TARGET = 16.0;
				MTL_ENABLE_DEBUG_INFO = INCLUDE_SOURCE;
				MTL_FAST_MATH = YES;
				ONLY_ACTIVE_ARCH = YES;
				SDKROOT = iphoneos;
				SWIFT_ACTIVE_COMPILATION_CONDITIONS = DEBUG;
				SWIFT_OPTIMIZATION_LEVEL = "-Onone";
			};
			name = Debug;
		};
		ACECB934293E78F30092461C /* Release */ = {
			isa = XCBuildConfiguration;
			buildSettings = {
				ALWAYS_SEARCH_USER_PATHS = NO;
				CLANG_ANALYZER_NONNULL = YES;
				CLANG_ANALYZER_NUMBER_OBJECT_CONVERSION = YES_AGGRESSIVE;
				CLANG_CXX_LANGUAGE_STANDARD = "gnu++20";
				CLANG_ENABLE_MODULES = YES;
				CLANG_ENABLE_OBJC_ARC = YES;
				CLANG_ENABLE_OBJC_WEAK = YES;
				CLANG_WARN_BLOCK_CAPTURE_AUTORELEASING = YES;
				CLANG_WARN_BOOL_CONVERSION = YES;
				CLANG_WARN_COMMA = YES;
				CLANG_WARN_CONSTANT_CONVERSION = YES;
				CLANG_WARN_DEPRECATED_OBJC_IMPLEMENTATIONS = YES;
				CLANG_WARN_DIRECT_OBJC_ISA_USAGE = YES_ERROR;
				CLANG_WARN_DOCUMENTATION_COMMENTS = YES;
				CLANG_WARN_EMPTY_BODY = YES;
				CLANG_WARN_ENUM_CONVERSION = YES;
				CLANG_WARN_INFINITE_RECURSION = YES;
				CLANG_WARN_INT_CONVERSION = YES;
				CLANG_WARN_NON_LITERAL_NULL_CONVERSION = YES;
				CLANG_WARN_OBJC_IMPLICIT_RETAIN_SELF = YES;
				CLANG_WARN_OBJC_LITERAL_CONVERSION = YES;
				CLANG_WARN_OBJC_ROOT_CLASS = YES_ERROR;
				CLANG_WARN_QUOTED_INCLUDE_IN_FRAMEWORK_HEADER = YES;
				CLANG_WARN_RANGE_LOOP_ANALYSIS = YES;
				CLANG_WARN_STRICT_PROTOTYPES = YES;
				CLANG_WARN_SUSPICIOUS_MOVE = YES;
				CLANG_WARN_UNGUARDED_AVAILABILITY = YES_AGGRESSIVE;
				CLANG_WARN_UNREACHABLE_CODE = YES;
				CLANG_WARN__DUPLICATE_METHOD_MATCH = YES;
				COPY_PHASE_STRIP = NO;
				DEBUG_INFORMATION_FORMAT = "dwarf-with-dsym";
				ENABLE_NS_ASSERTIONS = NO;
				ENABLE_STRICT_OBJC_MSGSEND = YES;
				GCC_C_LANGUAGE_STANDARD = gnu11;
				GCC_NO_COMMON_BLOCKS = YES;
				GCC_WARN_64_TO_32_BIT_CONVERSION = YES;
				GCC_WARN_ABOUT_RETURN_TYPE = YES_ERROR;
				GCC_WARN_UNDECLARED_SELECTOR = YES;
				GCC_WARN_UNINITIALIZED_AUTOS = YES_AGGRESSIVE;
				GCC_WARN_UNUSED_FUNCTION = YES;
				GCC_WARN_UNUSED_VARIABLE = YES;
				IPHONEOS_DEPLOYMENT_TARGET = 16.0;
				MTL_ENABLE_DEBUG_INFO = NO;
				MTL_FAST_MATH = YES;
				SDKROOT = iphoneos;
				SWIFT_COMPILATION_MODE = wholemodule;
				SWIFT_OPTIMIZATION_LEVEL = "-O";
				VALIDATE_PRODUCT = YES;
			};
			name = Release;
		};
		ACECB936293E78F30092461C /* Debug */ = {
			isa = XCBuildConfiguration;
			baseConfigurationReference = EC4916588531D6BF7D2290EC /* Pods-BimAktuelDeneme.debug.xcconfig */;
			buildSettings = {
				ASSETCATALOG_COMPILER_APPICON_NAME = AppIcon;
				ASSETCATALOG_COMPILER_GLOBAL_ACCENT_COLOR_NAME = AccentColor;
				CODE_SIGN_STYLE = Automatic;
				CURRENT_PROJECT_VERSION = 1;
				DEVELOPMENT_TEAM = UYNMA3L84T;
				GENERATE_INFOPLIST_FILE = YES;
				INFOPLIST_FILE = BimAktuelDeneme/Info.plist;
				INFOPLIST_KEY_UIApplicationSupportsIndirectInputEvents = YES;
				INFOPLIST_KEY_UILaunchStoryboardName = LaunchScreen;
				INFOPLIST_KEY_UIMainStoryboardFile = Main;
				INFOPLIST_KEY_UISupportedInterfaceOrientations_iPad = "UIInterfaceOrientationPortrait UIInterfaceOrientationPortraitUpsideDown UIInterfaceOrientationLandscapeLeft UIInterfaceOrientationLandscapeRight";
				INFOPLIST_KEY_UISupportedInterfaceOrientations_iPhone = "UIInterfaceOrientationPortrait UIInterfaceOrientationLandscapeLeft UIInterfaceOrientationLandscapeRight";
				LD_RUNPATH_SEARCH_PATHS = (
					"$(inherited)",
					"@executable_path/Frameworks",
				);
				MARKETING_VERSION = 1.0;
				PRODUCT_BUNDLE_IDENTIFIER = dev.osmannyildiz.BimAktuelDeneme;
				PRODUCT_NAME = "$(TARGET_NAME)";
				SWIFT_EMIT_LOC_STRINGS = YES;
				SWIFT_VERSION = 5.0;
				TARGETED_DEVICE_FAMILY = "1,2";
			};
			name = Debug;
		};
		ACECB937293E78F30092461C /* Release */ = {
			isa = XCBuildConfiguration;
			baseConfigurationReference = 414A37E9A6FB49580C7887BD /* Pods-BimAktuelDeneme.release.xcconfig */;
			buildSettings = {
				ASSETCATALOG_COMPILER_APPICON_NAME = AppIcon;
				ASSETCATALOG_COMPILER_GLOBAL_ACCENT_COLOR_NAME = AccentColor;
				CODE_SIGN_STYLE = Automatic;
				CURRENT_PROJECT_VERSION = 1;
				DEVELOPMENT_TEAM = UYNMA3L84T;
				GENERATE_INFOPLIST_FILE = YES;
				INFOPLIST_FILE = BimAktuelDeneme/Info.plist;
				INFOPLIST_KEY_UIApplicationSupportsIndirectInputEvents = YES;
				INFOPLIST_KEY_UILaunchStoryboardName = LaunchScreen;
				INFOPLIST_KEY_UIMainStoryboardFile = Main;
				INFOPLIST_KEY_UISupportedInterfaceOrientations_iPad = "UIInterfaceOrientationPortrait UIInterfaceOrientationPortraitUpsideDown UIInterfaceOrientationLandscapeLeft UIInterfaceOrientationLandscapeRight";
				INFOPLIST_KEY_UISupportedInterfaceOrientations_iPhone = "UIInterfaceOrientationPortrait UIInterfaceOrientationLandscapeLeft UIInterfaceOrientationLandscapeRight";
				LD_RUNPATH_SEARCH_PATHS = (
					"$(inherited)",
					"@executable_path/Frameworks",
				);
				MARKETING_VERSION = 1.0;
				PRODUCT_BUNDLE_IDENTIFIER = dev.osmannyildiz.BimAktuelDeneme;
				PRODUCT_NAME = "$(TARGET_NAME)";
				SWIFT_EMIT_LOC_STRINGS = YES;
				SWIFT_VERSION = 5.0;
				TARGETED_DEVICE_FAMILY = "1,2";
			};
			name = Release;
		};
/* End XCBuildConfiguration section */

/* Begin XCConfigurationList section */
		ACECB91C293E78F00092461C /* Build configuration list for PBXProject "BimAktuelDeneme" */ = {
			isa = XCConfigurationList;
			buildConfigurations = (
				ACECB933293E78F30092461C /* Debug */,
				ACECB934293E78F30092461C /* Release */,
			);
			defaultConfigurationIsVisible = 0;
			defaultConfigurationName = Release;
		};
		ACECB935293E78F30092461C /* Build configuration list for PBXNativeTarget "BimAktuelDeneme" */ = {
			isa = XCConfigurationList;
			buildConfigurations = (
				ACECB936293E78F30092461C /* Debug */,
				ACECB937293E78F30092461C /* Release */,
			);
			defaultConfigurationIsVisible = 0;
			defaultConfigurationName = Release;
		};
/* End XCConfigurationList section */
	};
	rootObject = ACECB919293E78F00092461C /* Project object */;
}
